
Microsoft Visual Studio Solution File, Format Version 12.00
Project("{2150E333-8FDC-42A3-9474-1A3956D46DE8}") = "src", "src", "{58DD2C55-5936-4049-9145-B442B6DF8ACD}"
EndProject
Project("{2150E333-8FDC-42A3-9474-1A3956D46DE8}") = "Service", "Service", "{A0BA21E4-F420-4022-8CD5-50B8149D80CD}"
EndProject
Project("{2150E333-8FDC-42A3-9474-1A3956D46DE8}") = "Gateway", "Gateway", "{B87A675A-5229-4B0B-9083-727E4A325B72}"
EndProject
Project("{FAE04EC0-301F-11D3-BF4B-00C04F79EFBC}") = "CicekSepetiAssessment.Gateway", "src\Gateway\CicekSepetiAssessment.Gateway\CicekSepetiAssessment.Gateway.csproj", "{1BDB8575-E97D-436A-BD10-23B8EEB1F179}"
EndProject
Project("{2150E333-8FDC-42A3-9474-1A3956D46DE8}") = "Basket", "Basket", "{080B5263-2551-4E6E-90D0-919432D30141}"
EndProject
Project("{2150E333-8FDC-42A3-9474-1A3956D46DE8}") = "Stock", "Stock", "{E6E35E89-2A11-4200-95B7-806D3F770570}"
EndProject
Project("{2150E333-8FDC-42A3-9474-1A3956D46DE8}") = "Core", "Core", "{DFB2E146-118F-43DA-8DEE-54C3BEADBA7F}"
EndProject
Project("{2150E333-8FDC-42A3-9474-1A3956D46DE8}") = "Infrastructure", "Infrastructure", "{F594F8AB-A202-4B8E-963C-52627F823B20}"
EndProject
Project("{FAE04EC0-301F-11D3-BF4B-00C04F79EFBC}") = "StockService.DataAccess", "src\Service\Stock\StockService.DataAccess\StockService.DataAccess.csproj", "{A3F95D5B-49EB-401B-B185-AFE4A42DC3E1}"
EndProject
Project("{FAE04EC0-301F-11D3-BF4B-00C04F79EFBC}") = "StockService.Business", "src\Service\Stock\StockService.Business\StockService.Business.csproj", "{7EBC806D-FBAE-4ED0-8FA0-18AA9F6A4566}"
EndProject
Project("{FAE04EC0-301F-11D3-BF4B-00C04F79EFBC}") = "StockService.Entity", "src\Service\Stock\StockService.Entity\StockService.Entity.csproj", "{052D7852-8694-4D0A-A8B4-41B223524405}"
EndProject
Project("{FAE04EC0-301F-11D3-BF4B-00C04F79EFBC}") = "StockService.API", "src\Service\Stock\StockService.API\StockService.API.csproj", "{932A891C-1ABF-4519-9E6D-BFEA260488DF}"
EndProject
Project("{FAE04EC0-301F-11D3-BF4B-00C04F79EFBC}") = "StockService.UnitTest", "src\Service\Stock\StockService.UnitTest\StockService.UnitTest.csproj", "{3321AF6E-0C92-4B40-9FD5-A911B9CF6B34}"
EndProject
Project("{FAE04EC0-301F-11D3-BF4B-00C04F79EFBC}") = "BasketService.UnitTests", "src\Service\Basket\BasketService.UnitTests\BasketService.UnitTests.csproj", "{E533D275-0089-4599-B97E-A22B4D99D4FD}"
EndProject
Project("{FAE04EC0-301F-11D3-BF4B-00C04F79EFBC}") = "BasketService.Domain", "src\Service\Basket\Core\BasketService.Domain\BasketService.Domain.csproj", "{5B0389E5-D44E-4D80-92B5-C760429BB048}"
EndProject
Project("{FAE04EC0-301F-11D3-BF4B-00C04F79EFBC}") = "BasketService.Application", "src\Service\Basket\Core\BasketService.Application\BasketService.Application.csproj", "{3E3AE692-1C6B-4CAA-BAC5-1E0D4E04AE04}"
EndProject
Project("{FAE04EC0-301F-11D3-BF4B-00C04F79EFBC}") = "BasketService.Persistence", "src\Service\Basket\Infrastructure\BasketService.Persistence\BasketService.Persistence.csproj", "{57E05169-6B53-4AA5-AE3C-0676767569E3}"
EndProject
Project("{FAE04EC0-301F-11D3-BF4B-00C04F79EFBC}") = "BasketService.Infrastructure", "src\Service\Basket\Infrastructure\BasketService.Infrastructure\BasketService.Infrastructure.csproj", "{20449C08-1E9D-49BC-897E-C938897625EE}"
EndProject
Project("{FAE04EC0-301F-11D3-BF4B-00C04F79EFBC}") = "BasketService.API", "src\Service\Basket\BasketService.API\BasketService.API.csproj", "{2536DFCE-F09C-4D0A-BE82-AB7622073A2A}"
EndProject
Global
	GlobalSection(SolutionConfigurationPlatforms) = preSolution
		Debug|Any CPU = Debug|Any CPU
		Release|Any CPU = Release|Any CPU
	EndGlobalSection
	GlobalSection(NestedProjects) = preSolution
		{A0BA21E4-F420-4022-8CD5-50B8149D80CD} = {58DD2C55-5936-4049-9145-B442B6DF8ACD}
		{B87A675A-5229-4B0B-9083-727E4A325B72} = {58DD2C55-5936-4049-9145-B442B6DF8ACD}
		{1BDB8575-E97D-436A-BD10-23B8EEB1F179} = {B87A675A-5229-4B0B-9083-727E4A325B72}
		{080B5263-2551-4E6E-90D0-919432D30141} = {A0BA21E4-F420-4022-8CD5-50B8149D80CD}
		{E6E35E89-2A11-4200-95B7-806D3F770570} = {A0BA21E4-F420-4022-8CD5-50B8149D80CD}
		{DFB2E146-118F-43DA-8DEE-54C3BEADBA7F} = {080B5263-2551-4E6E-90D0-919432D30141}
		{F594F8AB-A202-4B8E-963C-52627F823B20} = {080B5263-2551-4E6E-90D0-919432D30141}
		{A3F95D5B-49EB-401B-B185-AFE4A42DC3E1} = {E6E35E89-2A11-4200-95B7-806D3F770570}
		{7EBC806D-FBAE-4ED0-8FA0-18AA9F6A4566} = {E6E35E89-2A11-4200-95B7-806D3F770570}
		{052D7852-8694-4D0A-A8B4-41B223524405} = {E6E35E89-2A11-4200-95B7-806D3F770570}
		{932A891C-1ABF-4519-9E6D-BFEA260488DF} = {E6E35E89-2A11-4200-95B7-806D3F770570}
		{3321AF6E-0C92-4B40-9FD5-A911B9CF6B34} = {E6E35E89-2A11-4200-95B7-806D3F770570}
		{E533D275-0089-4599-B97E-A22B4D99D4FD} = {080B5263-2551-4E6E-90D0-919432D30141}
		{5B0389E5-D44E-4D80-92B5-C760429BB048} = {DFB2E146-118F-43DA-8DEE-54C3BEADBA7F}
		{3E3AE692-1C6B-4CAA-BAC5-1E0D4E04AE04} = {DFB2E146-118F-43DA-8DEE-54C3BEADBA7F}
		{57E05169-6B53-4AA5-AE3C-0676767569E3} = {F594F8AB-A202-4B8E-963C-52627F823B20}
		{20449C08-1E9D-49BC-897E-C938897625EE} = {F594F8AB-A202-4B8E-963C-52627F823B20}
		{2536DFCE-F09C-4D0A-BE82-AB7622073A2A} = {080B5263-2551-4E6E-90D0-919432D30141}
	EndGlobalSection
	GlobalSection(ProjectConfigurationPlatforms) = postSolution
		{1BDB8575-E97D-436A-BD10-23B8EEB1F179}.Debug|Any CPU.ActiveCfg = Debug|Any CPU
		{1BDB8575-E97D-436A-BD10-23B8EEB1F179}.Debug|Any CPU.Build.0 = Debug|Any CPU
		{1BDB8575-E97D-436A-BD10-23B8EEB1F179}.Release|Any CPU.ActiveCfg = Release|Any CPU
		{1BDB8575-E97D-436A-BD10-23B8EEB1F179}.Release|Any CPU.Build.0 = Release|Any CPU
		{A3F95D5B-49EB-401B-B185-AFE4A42DC3E1}.Debug|Any CPU.ActiveCfg = Debug|Any CPU
		{A3F95D5B-49EB-401B-B185-AFE4A42DC3E1}.Debug|Any CPU.Build.0 = Debug|Any CPU
		{A3F95D5B-49EB-401B-B185-AFE4A42DC3E1}.Release|Any CPU.ActiveCfg = Release|Any CPU
		{A3F95D5B-49EB-401B-B185-AFE4A42DC3E1}.Release|Any CPU.Build.0 = Release|Any CPU
		{7EBC806D-FBAE-4ED0-8FA0-18AA9F6A4566}.Debug|Any CPU.ActiveCfg = Debug|Any CPU
		{7EBC806D-FBAE-4ED0-8FA0-18AA9F6A4566}.Debug|Any CPU.Build.0 = Debug|Any CPU
		{7EBC806D-FBAE-4ED0-8FA0-18AA9F6A4566}.Release|Any CPU.ActiveCfg = Release|Any CPU
		{7EBC806D-FBAE-4ED0-8FA0-18AA9F6A4566}.Release|Any CPU.Build.0 = Release|Any CPU
		{052D7852-8694-4D0A-A8B4-41B223524405}.Debug|Any CPU.ActiveCfg = Debug|Any CPU
		{052D7852-8694-4D0A-A8B4-41B223524405}.Debug|Any CPU.Build.0 = Debug|Any CPU
		{052D7852-8694-4D0A-A8B4-41B223524405}.Release|Any CPU.ActiveCfg = Release|Any CPU
		{052D7852-8694-4D0A-A8B4-41B223524405}.Release|Any CPU.Build.0 = Release|Any CPU
		{932A891C-1ABF-4519-9E6D-BFEA260488DF}.Debug|Any CPU.ActiveCfg = Debug|Any CPU
		{932A891C-1ABF-4519-9E6D-BFEA260488DF}.Debug|Any CPU.Build.0 = Debug|Any CPU
		{932A891C-1ABF-4519-9E6D-BFEA260488DF}.Release|Any CPU.ActiveCfg = Release|Any CPU
		{932A891C-1ABF-4519-9E6D-BFEA260488DF}.Release|Any CPU.Build.0 = Release|Any CPU
		{3321AF6E-0C92-4B40-9FD5-A911B9CF6B34}.Debug|Any CPU.ActiveCfg = Debug|Any CPU
		{3321AF6E-0C92-4B40-9FD5-A911B9CF6B34}.Debug|Any CPU.Build.0 = Debug|Any CPU
		{3321AF6E-0C92-4B40-9FD5-A911B9CF6B34}.Release|Any CPU.ActiveCfg = Release|Any CPU
		{3321AF6E-0C92-4B40-9FD5-A911B9CF6B34}.Release|Any CPU.Build.0 = Release|Any CPU
		{E533D275-0089-4599-B97E-A22B4D99D4FD}.Debug|Any CPU.ActiveCfg = Debug|Any CPU
		{E533D275-0089-4599-B97E-A22B4D99D4FD}.Debug|Any CPU.Build.0 = Debug|Any CPU
		{E533D275-0089-4599-B97E-A22B4D99D4FD}.Release|Any CPU.ActiveCfg = Release|Any CPU
		{E533D275-0089-4599-B97E-A22B4D99D4FD}.Release|Any CPU.Build.0 = Release|Any CPU
		{5B0389E5-D44E-4D80-92B5-C760429BB048}.Debug|Any CPU.ActiveCfg = Debug|Any CPU
		{5B0389E5-D44E-4D80-92B5-C760429BB048}.Debug|Any CPU.Build.0 = Debug|Any CPU
		{5B0389E5-D44E-4D80-92B5-C760429BB048}.Release|Any CPU.ActiveCfg = Release|Any CPU
		{5B0389E5-D44E-4D80-92B5-C760429BB048}.Release|Any CPU.Build.0 = Release|Any CPU
		{3E3AE692-1C6B-4CAA-BAC5-1E0D4E04AE04}.Debug|Any CPU.ActiveCfg = Debug|Any CPU
		{3E3AE692-1C6B-4CAA-BAC5-1E0D4E04AE04}.Debug|Any CPU.Build.0 = Debug|Any CPU
		{3E3AE692-1C6B-4CAA-BAC5-1E0D4E04AE04}.Release|Any CPU.ActiveCfg = Release|Any CPU
		{3E3AE692-1C6B-4CAA-BAC5-1E0D4E04AE04}.Release|Any CPU.Build.0 = Release|Any CPU
		{57E05169-6B53-4AA5-AE3C-0676767569E3}.Debug|Any CPU.ActiveCfg = Debug|Any CPU
		{57E05169-6B53-4AA5-AE3C-0676767569E3}.Debug|Any CPU.Build.0 = Debug|Any CPU
		{57E05169-6B53-4AA5-AE3C-0676767569E3}.Release|Any CPU.ActiveCfg = Release|Any CPU
		{57E05169-6B53-4AA5-AE3C-0676767569E3}.Release|Any CPU.Build.0 = Release|Any CPU
		{20449C08-1E9D-49BC-897E-C938897625EE}.Debug|Any CPU.ActiveCfg = Debug|Any CPU
		{20449C08-1E9D-49BC-897E-C938897625EE}.Debug|Any CPU.Build.0 = Debug|Any CPU
		{20449C08-1E9D-49BC-897E-C938897625EE}.Release|Any CPU.ActiveCfg = Release|Any CPU
		{20449C08-1E9D-49BC-897E-C938897625EE}.Release|Any CPU.Build.0 = Release|Any CPU
		{2536DFCE-F09C-4D0A-BE82-AB7622073A2A}.Debug|Any CPU.ActiveCfg = Debug|Any CPU
		{2536DFCE-F09C-4D0A-BE82-AB7622073A2A}.Debug|Any CPU.Build.0 = Debug|Any CPU
		{2536DFCE-F09C-4D0A-BE82-AB7622073A2A}.Release|Any CPU.ActiveCfg = Release|Any CPU
		{2536DFCE-F09C-4D0A-BE82-AB7622073A2A}.Release|Any CPU.Build.0 = Release|Any CPU
	EndGlobalSection
EndGlobal
